PODS:
  - AFNetworking (2.5.0):
    - AFNetworking/NSURLConnection (= 2.5.0)
    - AFNetworking/NSURLSession (= 2.5.0)
    - AFNetworking/Reachability (= 2.5.0)
    - AFNetworking/Security (= 2.5.0)
    - AFNetworking/Serialization (= 2.5.0)
    - AFNetworking/UIKit (= 2.5.0)
  - AFNetworking/NSURLConnection (2.5.0):
    - AFNetworking/Reachability
    - AFNetworking/Security
    - AFNetworking/Serialization
  - AFNetworking/NSURLSession (2.5.0):
    - AFNetworking/Reachability
    - AFNetworking/Security
    - AFNetworking/Serialization
  - AFNetworking/Reachability (2.5.0)
  - AFNetworking/Security (2.5.0)
  - AFNetworking/Serialization (2.5.0)
  - AFNetworking/UIKit (2.5.0):
    - AFNetworking/NSURLConnection
    - AFNetworking/NSURLSession
  - Expecta (1.0.5)
  - KIF (3.3.0):
    - KIF/Core (= 3.3.0)
  - KIF/Core (3.3.0)
  - OCHamcrest (4.0.1)
  - OCMockito (1.3.1):
    - OCHamcrest (~> 4.0)
  - OHHTTPStubs (3.1.7):
    - OHHTTPStubs/Core (= 3.1.7)
  - OHHTTPStubs/Core (3.1.7)
  - Specta (1.0.5)
  - Swizzlean (0.2.0)

DEPENDENCIES:
  - AFNetworking
  - Expecta (~> 1.0)
  - KIF (~> 3.3)
  - OCMockito
  - OHHTTPStubs
  - Specta (~> 1.0)
  - Swizzlean (~> 0.2)

SPEC CHECKSUMS:
  AFNetworking: 96ac9bf3eda33582701cb1fcc5b896aa1e20311e
  Expecta: e1c022fcd33910b6be89c291d2775b3fe27a89fe
  KIF: 0a82046d06f3648799cac522d2d0f7934214caac
  OCHamcrest: a62dbcf4dec9cbf091263d936e0de8dec02baac0
  OCMockito: 958f33ee8ad03eeb62e1397ef6b60f5121214ca4
  OHHTTPStubs: a48e52fe6091ad5784714e4c7c034b481c7023bf
  Specta: ac94d110b865115fe60ff2c6d7281053c6f8e8a2
  Swizzlean: 6ef3e5a33063b7cd99dc39f8c55164dc55d9a021

COCOAPODS: 0.39.0
